
Microsoft Visual Studio Solution File, Format Version 12.00
# Visual Studio Version 16
VisualStudioVersion = 16.0.31112.23
MinimumVisualStudioVersion = 10.0.40219.1
Project("{FAE04EC0-301F-11D3-BF4B-00C04F79EFBC}") = "TrianguloDePascal", "TrianguloDePascal\TrianguloDePascal.csproj", "{C4F72663-3782-4DA6-AB13-FA9306F69A2E}"
EndProject
Global
	GlobalSection(SolutionConfigurationPlatforms) = preSolution
		Debug|Any CPU = Debug|Any CPU
		Release|Any CPU = Release|Any CPU
	EndGlobalSection
	GlobalSection(ProjectConfigurationPlatforms) = postSolution
		{C4F72663-3782-4DA6-AB13-FA9306F69A2E}.Debug|Any CPU.ActiveCfg = Debug|Any CPU
		{C4F72663-3782-4DA6-AB13-FA9306F69A2E}.Debug|Any CPU.Build.0 = Debug|Any CPU
		{C4F72663-3782-4DA6-AB13-FA9306F69A2E}.Release|Any CPU.ActiveCfg = Release|Any CPU
		{C4F72663-3782-4DA6-AB13-FA9306F69A2E}.Release|Any CPU.Build.0 = Release|Any CPU
	EndGlobalSection
	GlobalSection(SolutionProperties) = preSolution
		HideSolutionNode = FALSE
	EndGlobalSection
	GlobalSection(ExtensibilityGlobals) = postSolution
		SolutionGuid = {7BE288B6-6128-47C7-A3F8-CCF03EE0482E}
	EndGlobalSection
EndGlobal
